// !$*UTF8*$!
{
	archiveVersion = 1;
	classes = {
	};
	objectVersion = 46;
	objects = {

/* Begin PBXBuildFile section */
		311C8D401BDB32C600F4020B /* MISAppDelegate.swift in Sources */ = {isa = PBXBuildFile; fileRef = 311C8D3F1BDB32C600F4020B /* MISAppDelegate.swift */; };
		311C8D421BDB32C600F4020B /* MISPhotosViewController.swift in Sources */ = {isa = PBXBuildFile; fileRef = 311C8D411BDB32C600F4020B /* MISPhotosViewController.swift */; };
		311C8D451BDB32C600F4020B /* Main.storyboard in Resources */ = {isa = PBXBuildFile; fileRef = 311C8D431BDB32C600F4020B /* Main.storyboard */; };
		311C8D471BDB32C600F4020B /* Assets.xcassets in Resources */ = {isa = PBXBuildFile; fileRef = 311C8D461BDB32C600F4020B /* Assets.xcassets */; };
		311C8D4A1BDB32C600F4020B /* LaunchScreen.storyboard in Resources */ = {isa = PBXBuildFile; fileRef = 311C8D481BDB32C600F4020B /* LaunchScreen.storyboard */; };
		311C8D551BDB32C600F4020B /* mis500pxTests.swift in Sources */ = {isa = PBXBuildFile; fileRef = 311C8D541BDB32C600F4020B /* mis500pxTests.swift */; };
		311C8D601BDB32C600F4020B /* mis500pxUITests.swift in Sources */ = {isa = PBXBuildFile; fileRef = 311C8D5F1BDB32C600F4020B /* mis500pxUITests.swift */; };
		311C8D6F1BDB32F600F4020B /* CoreGraphics.framework in Frameworks */ = {isa = PBXBuildFile; fileRef = 311C8D6D1BDB32F600F4020B /* CoreGraphics.framework */; };
		311C8D701BDB32F600F4020B /* CoreImage.framework in Frameworks */ = {isa = PBXBuildFile; fileRef = 311C8D6E1BDB32F600F4020B /* CoreImage.framework */; };
		311C8D721BDB3B7300F4020B /* MISPhotosViewModel.swift in Sources */ = {isa = PBXBuildFile; fileRef = 311C8D711BDB3B7300F4020B /* MISPhotosViewModel.swift */; settings = {ASSET_TAGS = (); }; };
		311C8D741BDB3BF300F4020B /* MISPhotoModel.swift in Sources */ = {isa = PBXBuildFile; fileRef = 311C8D731BDB3BF300F4020B /* MISPhotoModel.swift */; settings = {ASSET_TAGS = (); }; };
		311C8D761BDB3C6600F4020B /* MISUserModel.swift in Sources */ = {isa = PBXBuildFile; fileRef = 311C8D751BDB3C6600F4020B /* MISUserModel.swift */; settings = {ASSET_TAGS = (); }; };
		311C8D781BDB4C4700F4020B /* MISPhotoCollectionViewCell.swift in Sources */ = {isa = PBXBuildFile; fileRef = 311C8D771BDB4C4700F4020B /* MISPhotoCollectionViewCell.swift */; settings = {ASSET_TAGS = (); }; };
		311C8D7B1BDB511E00F4020B /* UIImageView+MIS.swift in Sources */ = {isa = PBXBuildFile; fileRef = 311C8D7A1BDB511E00F4020B /* UIImageView+MIS.swift */; settings = {ASSET_TAGS = (); }; };
		311C8D7D1BDB56DF00F4020B /* String+MIS.swift in Sources */ = {isa = PBXBuildFile; fileRef = 311C8D7C1BDB56DF00F4020B /* String+MIS.swift */; settings = {ASSET_TAGS = (); }; };
		311C8D7F1BDB6EA200F4020B /* MISObservable.swift in Sources */ = {isa = PBXBuildFile; fileRef = 311C8D7E1BDB6EA200F4020B /* MISObservable.swift */; settings = {ASSET_TAGS = (); }; };
/* End PBXBuildFile section */

/* Begin PBXContainerItemProxy section */
		311C8D511BDB32C600F4020B /* PBXContainerItemProxy */ = {
			isa = PBXContainerItemProxy;
			containerPortal = 311C8D341BDB32C600F4020B /* Project object */;
			proxyType = 1;
			remoteGlobalIDString = 311C8D3B1BDB32C600F4020B;
			remoteInfo = mis500px;
		};
		311C8D5C1BDB32C600F4020B /* PBXContainerItemProxy */ = {
			isa = PBXContainerItemProxy;
			containerPortal = 311C8D341BDB32C600F4020B /* Project object */;
			proxyType = 1;
			remoteGlobalIDString = 311C8D3B1BDB32C600F4020B;
			remoteInfo = mis500px;
		};
/* End PBXContainerItemProxy section */

/* Begin PBXFileReference section */
		311C8D3C1BDB32C600F4020B /* mis500px.app */ = {isa = PBXFileReference; explicitFileType = wrapper.application; includeInIndex = 0; path = mis500px.app; sourceTree = BUILT_PRODUCTS_DIR; };
		311C8D3F1BDB32C600F4020B /* MISAppDelegate.swift */ = {isa = PBXFileReference; lastKnownFileType = sourcecode.swift; path = MISAppDelegate.swift; sourceTree = "<group>"; };
		311C8D411BDB32C600F4020B /* MISPhotosViewController.swift */ = {isa = PBXFileReference; lastKnownFileType = sourcecode.swift; path = MISPhotosViewController.swift; sourceTree = "<group>"; };
		311C8D441BDB32C600F4020B /* Base */ = {isa = PBXFileReference; lastKnownFileType = file.storyboard; name = Base; path = Base.lproj/Main.storyboard; sourceTree = "<group>"; };
		311C8D461BDB32C600F4020B /* Assets.xcassets */ = {isa = PBXFileReference; lastKnownFileType = folder.assetcatalog; path = Assets.xcassets; sourceTree = "<group>"; };
		311C8D491BDB32C600F4020B /* Base */ = {isa = PBXFileReference; lastKnownFileType = file.storyboard; name = Base; path = Base.lproj/LaunchScreen.storyboard; sourceTree = "<group>"; };
		311C8D4B1BDB32C600F4020B /* Info.plist */ = {isa = PBXFileReference; lastKnownFileType = text.plist.xml; path = Info.plist; sourceTree = "<group>"; };
		311C8D501BDB32C600F4020B /* mis500pxTests.xctest */ = {isa = PBXFileReference; explicitFileType = wrapper.cfbundle; includeInIndex = 0; path = mis500pxTests.xctest; sourceTree = BUILT_PRODUCTS_DIR; };
		311C8D541BDB32C600F4020B /* mis500pxTests.swift */ = {isa = PBXFileReference; lastKnownFileType = sourcecode.swift; path = mis500pxTests.swift; sourceTree = "<group>"; };
		311C8D561BDB32C600F4020B /* Info.plist */ = {isa = PBXFileReference; lastKnownFileType = text.plist.xml; path = Info.plist; sourceTree = "<group>"; };
		311C8D5B1BDB32C600F4020B /* mis500pxUITests.xctest */ = {isa = PBXFileReference; explicitFileType = wrapper.cfbundle; includeInIndex = 0; path = mis500pxUITests.xctest; sourceTree = BUILT_PRODUCTS_DIR; };
		311C8D5F1BDB32C600F4020B /* mis500pxUITests.swift */ = {isa = PBXFileReference; lastKnownFileType = sourcecode.swift; path = mis500pxUITests.swift; sourceTree = "<group>"; };
		311C8D611BDB32C600F4020B /* Info.plist */ = {isa = PBXFileReference; lastKnownFileType = text.plist.xml; path = Info.plist; sourceTree = "<group>"; };
		311C8D6D1BDB32F600F4020B /* CoreGraphics.framework */ = {isa = PBXFileReference; lastKnownFileType = wrapper.framework; name = CoreGraphics.framework; path = System/Library/Frameworks/CoreGraphics.framework; sourceTree = SDKROOT; };
		311C8D6E1BDB32F600F4020B /* CoreImage.framework */ = {isa = PBXFileReference; lastKnownFileType = wrapper.framework; name = CoreImage.framework; path = System/Library/Frameworks/CoreImage.framework; sourceTree = SDKROOT; };
		311C8D711BDB3B7300F4020B /* MISPhotosViewModel.swift */ = {isa = PBXFileReference; fileEncoding = 4; lastKnownFileType = sourcecode.swift; path = MISPhotosViewModel.swift; sourceTree = "<group>"; };
		311C8D731BDB3BF300F4020B /* MISPhotoModel.swift */ = {isa = PBXFileReference; fileEncoding = 4; lastKnownFileType = sourcecode.swift; path = MISPhotoModel.swift; sourceTree = "<group>"; };
		311C8D751BDB3C6600F4020B /* MISUserModel.swift */ = {isa = PBXFileReference; fileEncoding = 4; lastKnownFileType = sourcecode.swift; path = MISUserModel.swift; sourceTree = "<group>"; };
		311C8D771BDB4C4700F4020B /* MISPhotoCollectionViewCell.swift */ = {isa = PBXFileReference; fileEncoding = 4; lastKnownFileType = sourcecode.swift; path = MISPhotoCollectionViewCell.swift; sourceTree = "<group>"; };
		311C8D7A1BDB511E00F4020B /* UIImageView+MIS.swift */ = {isa = PBXFileReference; fileEncoding = 4; lastKnownFileType = sourcecode.swift; name = "UIImageView+MIS.swift"; path = "mis500px/UIImageView+MIS.swift"; sourceTree = "<group>"; };
		311C8D7C1BDB56DF00F4020B /* String+MIS.swift */ = {isa = PBXFileReference; fileEncoding = 4; lastKnownFileType = sourcecode.swift; path = "String+MIS.swift"; sourceTree = "<group>"; };
		311C8D7E1BDB6EA200F4020B /* MISObservable.swift */ = {isa = PBXFileReference; fileEncoding = 4; lastKnownFileType = sourcecode.swift; path = MISObservable.swift; sourceTree = "<group>"; };
/* End PBXFileReference section */

/* Begin PBXFrameworksBuildPhase section */
		311C8D391BDB32C600F4020B /* Frameworks */ = {
			isa = PBXFrameworksBuildPhase;
			buildActionMask = 2147483647;
			files = (
				311C8D6F1BDB32F600F4020B /* CoreGraphics.framework in Frameworks */,
				311C8D701BDB32F600F4020B /* CoreImage.framework in Frameworks */,
			);
			runOnlyForDeploymentPostprocessing = 0;
		};
		311C8D4D1BDB32C600F4020B /* Frameworks */ = {
			isa = PBXFrameworksBuildPhase;
			buildActionMask = 2147483647;
			files = (
			);
			runOnlyForDeploymentPostprocessing = 0;
		};
		311C8D581BDB32C600F4020B /* Frameworks */ = {
			isa = PBXFrameworksBuildPhase;
			buildActionMask = 2147483647;
			files = (
			);
			runOnlyForDeploymentPostprocessing = 0;
		};
/* End PBXFrameworksBuildPhase section */

/* Begin PBXGroup section */
		311C8D331BDB32C600F4020B = {
			isa = PBXGroup;
			children = (
				311C8D791BDB50EF00F4020B /* Utils */,
				311C8D6D1BDB32F600F4020B /* CoreGraphics.framework */,
				311C8D6E1BDB32F600F4020B /* CoreImage.framework */,
				311C8D3E1BDB32C600F4020B /* mis500px */,
				311C8D531BDB32C600F4020B /* mis500pxTests */,
				311C8D5E1BDB32C600F4020B /* mis500pxUITests */,
				311C8D3D1BDB32C600F4020B /* Products */,
			);
			sourceTree = "<group>";
		};
		311C8D3D1BDB32C600F4020B /* Products */ = {
			isa = PBXGroup;
			children = (
				311C8D3C1BDB32C600F4020B /* mis500px.app */,
				311C8D501BDB32C600F4020B /* mis500pxTests.xctest */,
				311C8D5B1BDB32C600F4020B /* mis500pxUITests.xctest */,
			);
			name = Products;
			sourceTree = "<group>";
		};
		311C8D3E1BDB32C600F4020B /* mis500px */ = {
			isa = PBXGroup;
			children = (
				311C8D3F1BDB32C600F4020B /* MISAppDelegate.swift */,
				311C8D411BDB32C600F4020B /* MISPhotosViewController.swift */,
				311C8D431BDB32C600F4020B /* Main.storyboard */,
				311C8D461BDB32C600F4020B /* Assets.xcassets */,
				311C8D481BDB32C600F4020B /* LaunchScreen.storyboard */,
				311C8D4B1BDB32C600F4020B /* Info.plist */,
				311C8D711BDB3B7300F4020B /* MISPhotosViewModel.swift */,
				311C8D731BDB3BF300F4020B /* MISPhotoModel.swift */,
				311C8D751BDB3C6600F4020B /* MISUserModel.swift */,
				311C8D771BDB4C4700F4020B /* MISPhotoCollectionViewCell.swift */,
			);
			path = mis500px;
			sourceTree = "<group>";
		};
		311C8D531BDB32C600F4020B /* mis500pxTests */ = {
			isa = PBXGroup;
			children = (
				311C8D541BDB32C600F4020B /* mis500pxTests.swift */,
				311C8D561BDB32C600F4020B /* Info.plist */,
			);
			path = mis500pxTests;
			sourceTree = "<group>";
		};
		311C8D5E1BDB32C600F4020B /* mis500pxUITests */ = {
			isa = PBXGroup;
			children = (
				311C8D5F1BDB32C600F4020B /* mis500pxUITests.swift */,
				311C8D611BDB32C600F4020B /* Info.plist */,
			);
			path = mis500pxUITests;
			sourceTree = "<group>";
		};
		311C8D791BDB50EF00F4020B /* Utils */ = {
			isa = PBXGroup;
			children = (
				311C8D7A1BDB511E00F4020B /* UIImageView+MIS.swift */,
				311C8D7C1BDB56DF00F4020B /* String+MIS.swift */,
				311C8D7E1BDB6EA200F4020B /* MISObservable.swift */,
			);
			name = Utils;
			sourceTree = "<group>";
		};
/* End PBXGroup section */

/* Begin PBXNativeTarget section */
		311C8D3B1BDB32C600F4020B /* mis500px */ = {
			isa = PBXNativeTarget;
			buildConfigurationList = 311C8D641BDB32C600F4020B /* Build configuration list for PBXNativeTarget "mis500px" */;
			buildPhases = (
				311C8D381BDB32C600F4020B /* Sources */,
				311C8D391BDB32C600F4020B /* Frameworks */,
				311C8D3A1BDB32C600F4020B /* Resources */,
			);
			buildRules = (
			);
			dependencies = (
			);
			name = mis500px;
			productName = mis500px;
			productReference = 311C8D3C1BDB32C600F4020B /* mis500px.app */;
			productType = "com.apple.product-type.application";
		};
		311C8D4F1BDB32C600F4020B /* mis500pxTests */ = {
			isa = PBXNativeTarget;
			buildConfigurationList = 311C8D671BDB32C600F4020B /* Build configuration list for PBXNativeTarget "mis500pxTests" */;
			buildPhases = (
				311C8D4C1BDB32C600F4020B /* Sources */,
				311C8D4D1BDB32C600F4020B /* Frameworks */,
				311C8D4E1BDB32C600F4020B /* Resources */,
			);
			buildRules = (
			);
			dependencies = (
				311C8D521BDB32C600F4020B /* PBXTargetDependency */,
			);
			name = mis500pxTests;
			productName = mis500pxTests;
			productReference = 311C8D501BDB32C600F4020B /* mis500pxTests.xctest */;
			productType = "com.apple.product-type.bundle.unit-test";
		};
		311C8D5A1BDB32C600F4020B /* mis500pxUITests */ = {
			isa = PBXNativeTarget;
			buildConfigurationList = 311C8D6A1BDB32C600F4020B /* Build configuration list for PBXNativeTarget "mis500pxUITests" */;
			buildPhases = (
				311C8D571BDB32C600F4020B /* Sources */,
				311C8D581BDB32C600F4020B /* Frameworks */,
				311C8D591BDB32C600F4020B /* Resources */,
			);
			buildRules = (
			);
			dependencies = (
				311C8D5D1BDB32C600F4020B /* PBXTargetDependency */,
			);
			name = mis500pxUITests;
			productName = mis500pxUITests;
			productReference = 311C8D5B1BDB32C600F4020B /* mis500pxUITests.xctest */;
			productType = "com.apple.product-type.bundle.ui-testing";
		};
/* End PBXNativeTarget section */

/* Begin PBXProject section */
		311C8D341BDB32C600F4020B /* Project object */ = {
			isa = PBXProject;
			attributes = {
				CLASSPREFIX = MIS;
				LastUpgradeCheck = 0700;
				ORGANIZATIONNAME = Misberri;
				TargetAttributes = {
					311C8D3B1BDB32C600F4020B = {
						CreatedOnToolsVersion = 7.0;
					};
					311C8D4F1BDB32C600F4020B = {
						CreatedOnToolsVersion = 7.0;
						TestTargetID = 311C8D3B1BDB32C600F4020B;
					};
					311C8D5A1BDB32C600F4020B = {
						CreatedOnToolsVersion = 7.0;
						TestTargetID = 311C8D3B1BDB32C600F4020B;
					};
				};
			};
			buildConfigurationList = 311C8D371BDB32C600F4020B /* Build configuration list for PBXProject "mis500px" */;
			compatibilityVersion = "Xcode 3.2";
			developmentRegion = English;
			hasScannedForEncodings = 0;
			knownRegions = (
				en,
				Base,
			);
			mainGroup = 311C8D331BDB32C600F4020B;
			productRefGroup = 311C8D3D1BDB32C600F4020B /* Products */;
			projectDirPath = "";
			projectRoot = "";
			targets = (
				311C8D3B1BDB32C600F4020B /* mis500px */,
				311C8D4F1BDB32C600F4020B /* mis500pxTests */,
				311C8D5A1BDB32C600F4020B /* mis500pxUITests */,
			);
		};
/* End PBXProject section */

/* Begin PBXResourcesBuildPhase section */
		311C8D3A1BDB32C600F4020B /* Resources */ = {
			isa = PBXResourcesBuildPhase;
			buildActionMask = 2147483647;
			files = (
				311C8D4A1BDB32C600F4020B /* LaunchScreen.storyboard in Resources */,
				311C8D471BDB32C600F4020B /* Assets.xcassets in Resources */,
				311C8D451BDB32C600F4020B /* Main.storyboard in Resources */,
			);
			runOnlyForDeploymentPostprocessing = 0;
		};
		311C8D4E1BDB32C600F4020B /* Resources */ = {
			isa = PBXResourcesBuildPhase;
			buildActionMask = 2147483647;
			files = (
			);
			runOnlyForDeploymentPostprocessing = 0;
		};
		311C8D591BDB32C600F4020B /* Resources */ = {
			isa = PBXResourcesBuildPhase;
			buildActionMask = 2147483647;
			files = (
			);
			runOnlyForDeploymentPostprocessing = 0;
		};
/* End PBXResourcesBuildPhase section */

/* Begin PBXSourcesBuildPhase section */
		311C8D381BDB32C600F4020B /* Sources */ = {
			isa = PBXSourcesBuildPhase;
			buildActionMask = 2147483647;
			files = (
				311C8D7B1BDB511E00F4020B /* UIImageView+MIS.swift in Sources */,
				311C8D781BDB4C4700F4020B /* MISPhotoCollectionViewCell.swift in Sources */,
				311C8D421BDB32C600F4020B /* MISPhotosViewController.swift in Sources */,
				311C8D721BDB3B7300F4020B /* MISPhotosViewModel.swift in Sources */,
				311C8D741BDB3BF300F4020B /* MISPhotoModel.swift in Sources */,
				311C8D401BDB32C600F4020B /* MISAppDelegate.swift in Sources */,
				311C8D7F1BDB6EA200F4020B /* MISObservable.swift in Sources */,
				311C8D7D1BDB56DF00F4020B /* String+MIS.swift in Sources */,
				311C8D761BDB3C6600F4020B /* MISUserModel.swift in Sources */,
			);
			runOnlyForDeploymentPostprocessing = 0;
		};
		311C8D4C1BDB32C600F4020B /* Sources */ = {
			isa = PBXSourcesBuildPhase;
			buildActionMask = 2147483647;
			files = (
				311C8D551BDB32C600F4020B /* mis500pxTests.swift in Sources */,
			);
			runOnlyForDeploymentPostprocessing = 0;
		};
		311C8D571BDB32C600F4020B /* Sources */ = {
			isa = PBXSourcesBuildPhase;
			buildActionMask = 2147483647;
			files = (
				311C8D601BDB32C600F4020B /* mis500pxUITests.swift in Sources */,
			);
			runOnlyForDeploymentPostprocessing = 0;
		};
/* End PBXSourcesBuildPhase section */

/* Begin PBXTargetDependency section */
		311C8D521BDB32C600F4020B /* PBXTargetDependency */ = {
			isa = PBXTargetDependency;
			target = 311C8D3B1BDB32C600F4020B /* mis500px */;
			targetProxy = 311C8D511BDB32C600F4020B /* PBXContainerItemProxy */;
		};
		311C8D5D1BDB32C600F4020B /* PBXTargetDependency */ = {
			isa = PBXTargetDependency;
			target = 311C8D3B1BDB32C600F4020B /* mis500px */;
			targetProxy = 311C8D5C1BDB32C600F4020B /* PBXContainerItemProxy */;
		};
/* End PBXTargetDependency section */

/* Begin PBXVariantGroup section */
		311C8D431BDB32C600F4020B /* Main.storyboard */ = {
			isa = PBXVariantGroup;
			children = (
				311C8D441BDB32C600F4020B /* Base */,
			);
			name = Main.storyboard;
			sourceTree = "<group>";
		};
		311C8D481BDB32C600F4020B /* LaunchScreen.storyboard */ = {
			isa = PBXVariantGroup;
			children = (
				311C8D491BDB32C600F4020B /* Base */,
			);
			name = LaunchScreen.storyboard;
			sourceTree = "<group>";
		};
/* End PBXVariantGroup section */

/* Begin XCBuildConfiguration section */
		311C8D621BDB32C600F4020B /* Debug */ = {
			isa = XCBuildConfiguration;
			buildSettings = {
				ALWAYS_SEARCH_USER_PATHS = NO;
				CLANG_CXX_LANGUAGE_STANDARD = "gnu++0x";
				CLANG_CXX_LIBRARY = "libc++";
				CLANG_ENABLE_MODULES = YES;
				CLANG_ENABLE_OBJC_ARC = YES;
				CLANG_WARN_BOOL_CONVERSION = YES;
				CLANG_WARN_CONSTANT_CONVERSION = YES;
				CLANG_WARN_DIRECT_OBJC_ISA_USAGE = YES_ERROR;
				CLANG_WARN_EMPTY_BODY = YES;
				CLANG_WARN_ENUM_CONVERSION = YES;
				CLANG_WARN_INT_CONVERSION = YES;
				CLANG_WARN_OBJC_ROOT_CLASS = YES_ERROR;
				CLANG_WARN_UNREACHABLE_CODE = YES;
				CLANG_WARN__DUPLICATE_METHOD_MATCH = YES;
				"CODE_SIGN_IDENTITY[sdk=iphoneos*]" = "iPhone Developer";
				COPY_PHASE_STRIP = NO;
				DEBUG_INFORMATION_FORMAT = dwarf;
				ENABLE_STRICT_OBJC_MSGSEND = YES;
				ENABLE_TESTABILITY = YES;
				GCC_C_LANGUAGE_STANDARD = gnu99;
				GCC_DYNAMIC_NO_PIC = NO;
				GCC_NO_COMMON_BLOCKS = YES;
				GCC_OPTIMIZATION_LEVEL = 0;
				GCC_PREPROCESSOR_DEFINITIONS = (
					"DEBUG=1",
					"$(inherited)",
				);
				GCC_WARN_64_TO_32_BIT_CONVERSION = YES;
				GCC_WARN_ABOUT_RETURN_TYPE = YES_ERROR;
				GCC_WARN_UNDECLARED_SELECTOR = YES;
				GCC_WARN_UNINITIALIZED_AUTOS = YES_AGGRESSIVE;
				GCC_WARN_UNUSED_FUNCTION = YES;
				GCC_WARN_UNUSED_VARIABLE = YES;
				IPHONEOS_DEPLOYMENT_TARGET = 9.0;
				MTL_ENABLE_DEBUG_INFO = YES;
				ONLY_ACTIVE_ARCH = YES;
				SDKROOT = iphoneos;
				SWIFT_OPTIMIZATION_LEVEL = "-Onone";
				TARGETED_DEVICE_FAMILY = "1,2";
			};
			name = Debug;
		};
		311C8D631BDB32C600F4020B /* Release */ = {
			isa = XCBuildConfiguration;
			buildSettings = {
				ALWAYS_SEARCH_USER_PATHS = NO;
				CLANG_CXX_LANGUAGE_STANDARD = "gnu++0x";
				CLANG_CXX_LIBRARY = "libc++";
				CLANG_ENABLE_MODULES = YES;
				CLANG_ENABLE_OBJC_ARC = YES;
				CLANG_WARN_BOOL_CONVERSION = YES;
				CLANG_WARN_CONSTANT_CONVERSION = YES;
				CLANG_WARN_DIRECT_OBJC_ISA_USAGE = YES_ERROR;
				CLANG_WARN_EMPTY_BODY = YES;
				CLANG_WARN_ENUM_CONVERSION = YES;
				CLANG_WARN_INT_CONVERSION = YES;
				CLANG_WARN_OBJC_ROOT_CLASS = YES_ERROR;
				CLANG_WARN_UNREACHABLE_CODE = YES;
				CLANG_WARN__DUPLICATE_METHOD_MATCH = YES;
				"CODE_SIGN_IDENTITY[sdk=iphoneos*]" = "iPhone Developer";
				COPY_PHASE_STRIP = NO;
				DEBUG_INFORMATION_FORMAT = "dwarf-with-dsym";
				ENABLE_NS_ASSERTIONS = NO;
				ENABLE_STRICT_OBJC_MSGSEND = YES;
				GCC_C_LANGUAGE_STANDARD = gnu99;
				GCC_NO_COMMON_BLOCKS = YES;
				GCC_WARN_64_TO_32_BIT_CONVERSION = YES;
				GCC_WARN_ABOUT_RETURN_TYPE = YES_ERROR;
				GCC_WARN_UNDECLARED_SELECTOR = YES;
				GCC_WARN_UNINITIALIZED_AUTOS = YES_AGGRESSIVE;
				GCC_WARN_UNUSED_FUNCTION = YES;
				GCC_WARN_UNUSED_VARIABLE = YES;
				IPHONEOS_DEPLOYMENT_TARGET = 9.0;
				MTL_ENABLE_DEBUG_INFO = NO;
				SDKROOT = iphoneos;
				TARGETED_DEVICE_FAMILY = "1,2";
				VALIDATE_PRODUCT = YES;
			};
			name = Release;
		};
		311C8D651BDB32C600F4020B /* Debug */ = {
			isa = XCBuildConfiguration;
			buildSettings = {
				ASSETCATALOG_COMPILER_APPICON_NAME = AppIcon;
				INFOPLIST_FILE = mis500px/Info.plist;
				LD_RUNPATH_SEARCH_PATHS = "$(inherited) @executable_path/Frameworks";
				PRODUCT_BUNDLE_IDENTIFIER = com.misberri.mis500px;
				PRODUCT_NAME = "$(TARGET_NAME)";
			};
			name = Debug;
		};
		311C8D661BDB32C600F4020B /* Release */ = {
			isa = XCBuildConfiguration;
			buildSettings = {
				ASSETCATALOG_COMPILER_APPICON_NAME = AppIcon;
				INFOPLIST_FILE = mis500px/Info.plist;
				LD_RUNPATH_SEARCH_PATHS = "$(inherited) @executable_path/Frameworks";
				PRODUCT_BUNDLE_IDENTIFIER = com.misberri.mis500px;
				PRODUCT_NAME = "$(TARGET_NAME)";
			};
			name = Release;
		};
		311C8D681BDB32C600F4020B /* Debug */ = {
			isa = XCBuildConfiguration;
			buildSettings = {
				BUNDLE_LOADER = "$(TEST_HOST)";
				INFOPLIST_FILE = mis500pxTests/Info.plist;
				LD_RUNPATH_SEARCH_PATHS = "$(inherited) @executable_path/Frameworks @loader_path/Frameworks";
				PRODUCT_BUNDLE_IDENTIFIER = com.misberri.mis500pxTests;
				PRODUCT_NAME = "$(TARGET_NAME)";
				TEST_HOST = "$(BUILT_PRODUCTS_DIR)/mis500px.app/mis500px";
			};
			name = Debug;
		};
		311C8D691BDB32C600F4020B /* Release */ = {
			isa = XCBuildConfiguration;
			buildSettings = {
				BUNDLE_LOADER = "$(TEST_HOST)";
				INFOPLIST_FILE = mis500pxTests/Info.plist;
				LD_RUNPATH_SEARCH_PATHS = "$(inherited) @executable_path/Frameworks @loader_path/Frameworks";
				PRODUCT_BUNDLE_IDENTIFIER = com.misberri.mis500pxTests;
				PRODUCT_NAME = "$(TARGET_NAME)";
				TEST_HOST = "$(BUILT_PRODUCTS_DIR)/mis500px.app/mis500px";
			};
			name = Release;
		};
		311C8D6B1BDB32C600F4020B /* Debug */ = {
			isa = XCBuildConfiguration;
			buildSettings = {
				INFOPLIST_FILE = mis500pxUITests/Info.plist;
				LD_RUNPATH_SEARCH_PATHS = "$(inherited) @executable_path/Frameworks @loader_path/Frameworks";
				PRODUCT_BUNDLE_IDENTIFIER = com.misberri.mis500pxUITests;
				PRODUCT_NAME = "$(TARGET_NAME)";
				TEST_TARGET_NAME = mis500px;
				USES_XCTRUNNER = YES;
			};
			name = Debug;
		};
		311C8D6C1BDB32C600F4020B /* Release */ = {
			isa = XCBuildConfiguration;
			buildSettings = {
				INFOPLIST_FILE = mis500pxUITests/Info.plist;
				LD_RUNPATH_SEARCH_PATHS = "$(inherited) @executable_path/Frameworks @loader_path/Frameworks";
				PRODUCT_BUNDLE_IDENTIFIER = com.misberri.mis500pxUITests;
				PRODUCT_NAME = "$(TARGET_NAME)";
				TEST_TARGET_NAME = mis500px;
				USES_XCTRUNNER = YES;
			};
			name = Release;
		};
/* End XCBuildConfiguration section */

/* Begin XCConfigurationList section */
		311C8D371BDB32C600F4020B /* Build configuration list for PBXProject "mis500px" */ = {
			isa = XCConfigurationList;
			buildConfigurations = (
				311C8D621BDB32C600F4020B /* Debug */,
				311C8D631BDB32C600F4020B /* Release */,
			);
			defaultConfigurationIsVisible = 0;
			defaultConfigurationName = Release;
		};
		311C8D641BDB32C600F4020B /* Build configuration list for PBXNativeTarget "mis500px" */ = {
			isa = XCConfigurationList;
			buildConfigurations = (
				311C8D651BDB32C600F4020B /* Debug */,
				311C8D661BDB32C600F4020B /* Release */,
			);
			defaultConfigurationIsVisible = 0;
		};
		311C8D671BDB32C600F4020B /* Build configuration list for PBXNativeTarget "mis500pxTests" */ = {
			isa = XCConfigurationList;
			buildConfigurations = (
				311C8D681BDB32C600F4020B /* Debug */,
				311C8D691BDB32C600F4020B /* Release */,
			);
			defaultConfigurationIsVisible = 0;
		};
		311C8D6A1BDB32C600F4020B /* Build configuration list for PBXNativeTarget "mis500pxUITests" */ = {
			isa = XCConfigurationList;
			buildConfigurations = (
				311C8D6B1BDB32C600F4020B /* Debug */,
				311C8D6C1BDB32C600F4020B /* Release */,
			);
			defaultConfigurationIsVisible = 0;
		};
/* End XCConfigurationList section */
	};
	rootObject = 311C8D341BDB32C600F4020B /* Project object */;
}
